// !$*UTF8*$!
{
	archiveVersion = 1;
	classes = {
	};
	objectVersion = 46;
	objects = {

/* Begin PBXBuildFile section */
		48C655E21ACCCF9200FD5117 /* main.swift in Sources */ = {isa = PBXBuildFile; fileRef = 48C655E11ACCCF9200FD5117 /* main.swift */; };
		48C655E91ACCCFB500FD5117 /* Ransom.swift in Sources */ = {isa = PBXBuildFile; fileRef = 48C655E81ACCCFB500FD5117 /* Ransom.swift */; };
/* End PBXBuildFile section */

/* Begin PBXCopyFilesBuildPhase section */
		48C655DC1ACCCF9200FD5117 /* CopyFiles */ = {
			isa = PBXCopyFilesBuildPhase;
			buildActionMask = 2147483647;
			dstPath = /usr/share/man/man1/;
			dstSubfolderSpec = 0;
			files = (
			);
			runOnlyForDeploymentPostprocessing = 1;
		};
/* End PBXCopyFilesBuildPhase section */

/* Begin PBXFileReference section */
		48C655DE1ACCCF9200FD5117 /* Ransom */ = {isa = PBXFileReference; explicitFileType = "compiled.mach-o.executable"; includeInIndex = 0; path = Ransom; sourceTree = BUILT_PRODUCTS_DIR; };
		48C655E11ACCCF9200FD5117 /* main.swift */ = {isa = PBXFileReference; lastKnownFileType = sourcecode.swift; path = main.swift; sourceTree = "<group>"; };
		48C655E81ACCCFB500FD5117 /* Ransom.swift */ = {isa = PBXFileReference; fileEncoding = 4; lastKnownFileType = sourcecode.swift; path = Ransom.swift; sourceTree = "<group>"; };
/* End PBXFileReference section */

/* Begin PBXFrameworksBuildPhase section */
		48C655DB1ACCCF9200FD5117 /* Frameworks */ = {
			isa = PBXFrameworksBuildPhase;
			buildActionMask = 2147483647;
			files = (
			);
			runOnlyForDeploymentPostprocessing = 0;
		};
/* End PBXFrameworksBuildPhase section */

/* Begin PBXGroup section */
		48C655D51ACCCF9200FD5117 = {
			isa = PBXGroup;
			children = (
				48C655E81ACCCFB500FD5117 /* Ransom.swift */,
				48C655E01ACCCF9200FD5117 /* Ransom */,
				48C655DF1ACCCF9200FD5117 /* Products */,
			);
			sourceTree = "<group>";
		};
		48C655DF1ACCCF9200FD5117 /* Products */ = {
			isa = PBXGroup;
			children = (
				48C655DE1ACCCF9200FD5117 /* Ransom */,
			);
			name = Products;
			sourceTree = "<group>";
		};
		48C655E01ACCCF9200FD5117 /* Ransom */ = {
			isa = PBXGroup;
			children = (
				48C655E11ACCCF9200FD5117 /* main.swift */,
			);
			path = Ransom;
			sourceTree = "<group>";
		};
/* End PBXGroup section */

/* Begin PBXNativeTarget section */
		48C655DD1ACCCF9200FD5117 /* Ransom */ = {
			isa = PBXNativeTarget;
			buildConfigurationList = 48C655E51ACCCF9200FD5117 /* Build configuration list for PBXNativeTarget "Ransom" */;
			buildPhases = (
				48C655DA1ACCCF9200FD5117 /* Sources */,
				48C655DB1ACCCF9200FD5117 /* Frameworks */,
				48C655DC1ACCCF9200FD5117 /* CopyFiles */,
			);
			buildRules = (
			);
			dependencies = (
			);
			name = Ransom;
			productName = Ransom;
			productReference = 48C655DE1ACCCF9200FD5117 /* Ransom */;
			productType = "com.apple.product-type.tool";
		};
/* End PBXNativeTarget section */

/* Begin PBXProject section */
		48C655D61ACCCF9200FD5117 /* Project object */ = {
			isa = PBXProject;
			attributes = {
				LastUpgradeCheck = 0620;
				ORGANIZATIONNAME = "Rodrigo Carballo";
				TargetAttributes = {
					48C655DD1ACCCF9200FD5117 = {
						CreatedOnToolsVersion = 6.2;
					};
				};
			};
			buildConfigurationList = 48C655D91ACCCF9200FD5117 /* Build configuration list for PBXProject "Ransom" */;
			compatibilityVersion = "Xcode 3.2";
			developmentRegion = English;
			hasScannedForEncodings = 0;
			knownRegions = (
				en,
			);
			mainGroup = 48C655D51ACCCF9200FD5117;
			productRefGroup = 48C655DF1ACCCF9200FD5117 /* Products */;
			projectDirPath = "";
			projectRoot = "";
			targets = (
				48C655DD1ACCCF9200FD5117 /* Ransom */,
			);
		};
/* End PBXProject section */

/* Begin PBXSourcesBuildPhase section */
		48C655DA1ACCCF9200FD5117 /* Sources */ = {
			isa = PBXSourcesBuildPhase;
			buildActionMask = 2147483647;
			files = (
				48C655E21ACCCF9200FD5117 /* main.swift in Sources */,
				48C655E91ACCCFB500FD5117 /* Ransom.swift in Sources */,
			);
			runOnlyForDeploymentPostprocessing = 0;
		};
/* End PBXSourcesBuildPhase section */

/* Begin XCBuildConfiguration section */
		48C655E31ACCCF9200FD5117 /* Debug */ = {
			isa = XCBuildConfiguration;
			buildSettings = {
				ALWAYS_SEARCH_USER_PATHS = NO;
				CLANG_CXX_LANGUAGE_STANDARD = "gnu++0x";
				CLANG_CXX_LIBRARY = "libc++";
				CLANG_ENABLE_MODULES = YES;
				CLANG_ENABLE_OBJC_ARC = YES;
				CLANG_WARN_BOOL_CONVERSION = YES;
				CLANG_WARN_CONSTANT_CONVERSION = YES;
				CLANG_WARN_DIRECT_OBJC_ISA_USAGE = YES_ERROR;
				CLANG_WARN_EMPTY_BODY = YES;
				CLANG_WARN_ENUM_CONVERSION = YES;
				CLANG_WARN_INT_CONVERSION = YES;
				CLANG_WARN_OBJC_ROOT_CLASS = YES_ERROR;
				CLANG_WARN_UNREACHABLE_CODE = YES;
				CLANG_WARN__DUPLICATE_METHOD_MATCH = YES;
				COPY_PHASE_STRIP = NO;
				ENABLE_STRICT_OBJC_MSGSEND = YES;
				GCC_C_LANGUAGE_STANDARD = gnu99;
				GCC_DYNAMIC_NO_PIC = NO;
				GCC_OPTIMIZATION_LEVEL = 0;
				GCC_PREPROCESSOR_DEFINITIONS = (
					"DEBUG=1",
					"$(inherited)",
				);
				GCC_SYMBOLS_PRIVATE_EXTERN = NO;
				GCC_WARN_64_TO_32_BIT_CONVERSION = YES;
				GCC_WARN_ABOUT_RETURN_TYPE = YES_ERROR;
				GCC_WARN_UNDECLARED_SELECTOR = YES;
				GCC_WARN_UNINITIALIZED_AUTOS = YES_AGGRESSIVE;
				GCC_WARN_UNUSED_FUNCTION = YES;
				GCC_WARN_UNUSED_VARIABLE = YES;
				MACOSX_DEPLOYMENT_TARGET = 10.10;
				MTL_ENABLE_DEBUG_INFO = YES;
				ONLY_ACTIVE_ARCH = YES;
				SDKROOT = macosx;
				SWIFT_OPTIMIZATION_LEVEL = "-Onone";
			};
			name = Debug;
		};
		48C655E41ACCCF9200FD5117 /* Release */ = {
			isa = XCBuildConfiguration;
			buildSettings = {
				ALWAYS_SEARCH_USER_PATHS = NO;
				CLANG_CXX_LANGUAGE_STANDARD = "gnu++0x";
				CLANG_CXX_LIBRARY = "libc++";
				CLANG_ENABLE_MODULES = YES;
				CLANG_ENABLE_OBJC_ARC = YES;
				CLANG_WARN_BOOL_CONVERSION = YES;
				CLANG_WARN_CONSTANT_CONVERSION = YES;
				CLANG_WARN_DIRECT_OBJC_ISA_USAGE = YES_ERROR;
				CLANG_WARN_EMPTY_BODY = YES;
				CLANG_WARN_ENUM_CONVERSION = YES;
				CLANG_WARN_INT_CONVERSION = YES;
				CLANG_WARN_OBJC_ROOT_CLASS = YES_ERROR;
				CLANG_WARN_UNREACHABLE_CODE = YES;
				CLANG_WARN__DUPLICATE_METHOD_MATCH = YES;
				COPY_PHASE_STRIP = NO;
				DEBUG_INFORMATION_FORMAT = "dwarf-with-dsym";
				ENABLE_NS_ASSERTIONS = NO;
				ENABLE_STRICT_OBJC_MSGSEND = YES;
				GCC_C_LANGUAGE_STANDARD = gnu99;
				GCC_WARN_64_TO_32_BIT_CONVERSION = YES;
				GCC_WARN_ABOUT_RETURN_TYPE = YES_ERROR;
				GCC_WARN_UNDECLARED_SELECTOR = YES;
				GCC_WARN_UNINITIALIZED_AUTOS = YES_AGGRESSIVE;
				GCC_WARN_UNUSED_FUNCTION = YES;
				GCC_WARN_UNUSED_VARIABLE = YES;
				MACOSX_DEPLOYMENT_TARGET = 10.10;
				MTL_ENABLE_DEBUG_INFO = NO;
				SDKROOT = macosx;
			};
			name = Release;
		};
		48C655E61ACCCF9200FD5117 /* Debug */ = {
			isa = XCBuildConfiguration;
			buildSettings = {
				PRODUCT_NAME = "$(TARGET_NAME)";
			};
			name = Debug;
		};
		48C655E71ACCCF9200FD5117 /* Release */ = {
			isa = XCBuildConfiguration;
			buildSettings = {
				PRODUCT_NAME = "$(TARGET_NAME)";
			};
			name = Release;
		};
/* End XCBuildConfiguration section */

/* Begin XCConfigurationList section */
		48C655D91ACCCF9200FD5117 /* Build configuration list for PBXProject "Ransom" */ = {
			isa = XCConfigurationList;
			buildConfigurations = (
				48C655E31ACCCF9200FD5117 /* Debug */,
				48C655E41ACCCF9200FD5117 /* Release */,
			);
			defaultConfigurationIsVisible = 0;
			defaultConfigurationName = Release;
		};
		48C655E51ACCCF9200FD5117 /* Build configuration list for PBXNativeTarget "Ransom" */ = {
			isa = XCConfigurationList;
			buildConfigurations = (
				48C655E61ACCCF9200FD5117 /* Debug */,
				48C655E71ACCCF9200FD5117 /* Release */,
			);
			defaultConfigurationIsVisible = 0;
		};
/* End XCConfigurationList section */
	};
	rootObject = 48C655D61ACCCF9200FD5117 /* Project object */;
}
